
Microsoft Visual Studio Solution File, Format Version 12.00
# Visual Studio Version 17
VisualStudioVersion = 17.6.33815.320
MinimumVisualStudioVersion = 10.0.40219.1
Project("{FAE04EC0-301F-11D3-BF4B-00C04F79EFBC}") = "pop-git1", "pop-git1.csproj", "{8573992B-50C5-4273-A063-75F97777398B}"
EndProject
Global
	GlobalSection(SolutionConfigurationPlatforms) = preSolution
		Debug|Any CPU = Debug|Any CPU
		Release|Any CPU = Release|Any CPU
	EndGlobalSection
	GlobalSection(ProjectConfigurationPlatforms) = postSolution
		{8573992B-50C5-4273-A063-75F97777398B}.Debug|Any CPU.ActiveCfg = Debug|Any CPU
		{8573992B-50C5-4273-A063-75F97777398B}.Debug|Any CPU.Build.0 = Debug|Any CPU
		{8573992B-50C5-4273-A063-75F97777398B}.Release|Any CPU.ActiveCfg = Release|Any CPU
		{8573992B-50C5-4273-A063-75F97777398B}.Release|Any CPU.Build.0 = Release|Any CPU
	EndGlobalSection
	GlobalSection(SolutionProperties) = preSolution
		HideSolutionNode = FALSE
	EndGlobalSection
	GlobalSection(ExtensibilityGlobals) = postSolution
		SolutionGuid = {D3B004A3-65FA-4AA5-B2A9-C7635038CDE0}
	EndGlobalSection
EndGlobal
